# This file is autogenerated, do not edit; changes may be undone by the next 'dep ensure'.


[[projects]]
  digest = "1:a62f6ed230a8cd138a9efbe718e7d0b0294f139266f5f55cd942769a9aac8de2"
  name = "github.com/PuerkitoBio/goquery"
  packages = ["."]
  pruneopts = "UT"
  revision = "dc2ec5c7ca4d9aae063b79b9f581dd3ea6afd2b2"
  version = "v1.4.1"

[[projects]]
  digest = "1:66b3310cf22cdc96c35ef84ede4f7b9b370971c4025f394c89a2638729653b11"
  name = "github.com/andybalholm/cascadia"
  packages = ["."]
  pruneopts = "UT"
  revision = "901648c87902174f774fac311d7f176f8647bdaa"
  version = "v1.0.0"

[[projects]]
  digest = "1:ca1f6ed9aaa05707037d8318fe9f10275910d065c3f00d755992bf284ddf0611"
  name = "github.com/astaxie/beego"
  packages = [
    ".",
    "cache",
    "cache/memcache",
    "cache/redis",
    "config",
    "context",
    "context/param",
    "grace",
    "logs",
    "orm",
    "session",
    "session/memcache",
    "session/mysql",
    "session/redis",
    "toolbox",
    "utils",
  ]
  pruneopts = "UT"
  revision = "053a075344c118a5cc41981b29ef612bb53d20ca"
  version = "v1.10.1"

[[projects]]
  digest = "1:7b94d37d65c0445053c6f3e73090e3966c1c29127035492c349e14f25c440359"
  name = "github.com/boombuler/barcode"
  packages = [
    ".",
    "qr",
    "utils",
  ]
  pruneopts = "UT"
  revision = "3cfea5ab600ae37946be2b763b8ec2c1cf2d272d"
  version = "v1.0.0"

[[projects]]
  branch = "master"
  digest = "1:f98385a9b77f6cacae716a59c04e6ac374d101466d4369c4e8cc706a39c4bb2e"
  name = "github.com/bradfitz/gomemcache"
  packages = ["memcache"]
  pruneopts = "UT"
  revision = "bc664df9673713a0ccf26e3b55a673ec7301088b"

[[projects]]
  digest = "1:adea5a94903eb4384abef30f3d878dc9ff6b6b5b0722da25b82e5169216dfb61"
  name = "github.com/go-sql-driver/mysql"
  packages = ["."]
  pruneopts = "UT"
  revision = "d523deb1b23d913de5bdada721a6071e71283618"
  version = "v1.4.0"

[[projects]]
  branch = "master"
  digest = "1:7a6377256f670508711c56c25556d639e673c0fa0f519c5a758fdcbfc8af9ac8"
  name = "github.com/golang/freetype"
  packages = [
    ".",
    "raster",
    "truetype",
  ]
  pruneopts = "UT"
  revision = "e2365dfdc4a05e4b8299a783240d4a7d5a65d4e4"

[[projects]]
  digest = "1:38ec74012390146c45af1f92d46e5382b50531247929ff3a685d2b2be65155ac"
  name = "github.com/gomodule/redigo"
  packages = [
    "internal",
    "redis",
  ]
  pruneopts = "UT"
  revision = "9c11da706d9b7902c6da69c592f75637793fe121"
  version = "v2.0.0"

[[projects]]
  branch = "master"
  digest = "1:caf6db28595425c0e0f2301a00257d11712f65c1878e12cffc42f6b9a9cf3f23"
  name = "github.com/kardianos/osext"
  packages = ["."]
  pruneopts = "UT"
  revision = "ae77be60afb1dcacde03767a8c37337fad28ac14"

[[projects]]
  branch = "master"
  digest = "1:2c4470d47613daac5ff660ff9b67a6f8dca489845bb867186e3fcda742a3e53f"
  name = "github.com/kardianos/service"
  packages = ["."]
  pruneopts = "UT"
  revision = "615a14ed75099c9eaac6949e22ac2341bf9d3197"

[[projects]]
  digest = "1:347ba81811ec55857bec30680d8318c44a30876331ed71f6154f58b9be5990e9"
  name = "github.com/lifei6671/gocaptcha"
  packages = ["."]
  pruneopts = "UT"
  revision = "4ee5eae8060325104defaace04ff94b79c26a887"
  version = "v0.1"

[[projects]]
  digest = "1:3cafc6a5a1b8269605d9df4c6956d43d8011fc57f266ca6b9d04da6c09dee548"
  name = "github.com/mattn/go-sqlite3"
  packages = ["."]
  pruneopts = "UT"
  revision = "25ecb14adfc7543176f7d85291ec7dba82c6f7e4"
  version = "v1.9.0"

[[projects]]
  branch = "master"
  digest = "1:34534b73e925d20cc72cf202f8b482fdcbe3a1b113e19375f31aadabd0f0f97d"
  name = "github.com/nfnt/resize"
  packages = ["."]
  pruneopts = "UT"
  revision = "83c6a9932646f83e3267f353373d47347b6036b2"

[[projects]]
  digest = "1:40f110b0b7479cd809f1bd2445977228c631bfd4ed7f94c085f12ba4cb202606"
  name = "github.com/qiniu/x"
  packages = ["bytes.v7"]
  pruneopts = "UT"
  revision = "946c4a16076d6d98aeb78619e2bd4012357f7228"
  version = "v7.0.8"

[[projects]]
  branch = "master"
  digest = "1:def689e73e9252f6f7fe66834a76751a41b767e03daab299e607e7226c58a855"
  name = "github.com/shurcooL/sanitized_anchor_name"
  packages = ["."]
  pruneopts = "UT"
  revision = "86672fcb3f950f35f2e675df2240550f2a50762f"

[[projects]]
  digest = "1:a2057c5b6feb8feb081ce9987f0e4d0713c6b3a6d3824900e35750f349223a25"
  name = "golang.org/x/crypto"
  packages = [
    "acme",
    "acme/autocert",
  ]
  pruneopts = "UT"
  revision = "c126467f60eb25f8f27e5a981f32a87e3965053f"

[[projects]]
  branch = "master"
  digest = "1:9ad20acf690cdd6d8e6111a44f6da281ed8992e03119163fe7f10bf261a79cec"
  name = "golang.org/x/image"
  packages = [
    "font",
    "math/fixed",
  ]
  pruneopts = "UT"
  revision = "c73c2afc3b812cdd6385de5a50616511c4a3d458"

[[projects]]
  branch = "master"
  digest = "1:1ef52fe3c5134f18540c4ca5ee70c57f14a3c85b21e05867f0e793de006169a6"
  name = "golang.org/x/net"
  packages = [
    "html",
    "html/atom",
  ]
  pruneopts = "UT"
  revision = "c39426892332e1bb5ec0a434a079bf82f5d30c54"

[[projects]]
  branch = "master"
  digest = "1:7d7bdf7eb4458522556aaf4a9b535eed3de0b19118ab928330d0c685df006fdf"
  name = "golang.org/x/sys"
  packages = [
    "windows",
    "windows/registry",
    "windows/svc",
    "windows/svc/eventlog",
    "windows/svc/mgr",
  ]
  pruneopts = "UT"
  revision = "98c5dad5d1a0e8a73845ecc8897d0bd56586511d"

[[projects]]
  digest = "1:c25289f43ac4a68d88b02245742347c94f1e108c534dda442188015ff80669b3"
  name = "google.golang.org/appengine"
  packages = ["cloudsql"]
  pruneopts = "UT"
  revision = "b1f26356af11148e710935ed1ac8a7f5702c7612"
  version = "v1.1.0"

[[projects]]
  digest = "1:81e1c5cee195fca5de06e2540cb63eea727a850b7e5c213548e7f81521c97a57"
  name = "gopkg.in/asn1-ber.v1"
  packages = ["."]
  pruneopts = "UT"
  revision = "379148ca0225df7a432012b8df0355c2a2063ac0"
  version = "v1.2"

[[projects]]
  digest = "1:93aaeb913621a3a53aaa78592c00f46d63e3bb0ea76e2d9b07327b50959a5778"
  name = "gopkg.in/ldap.v2"
  packages = ["."]
  pruneopts = "UT"
  revision = "bb7a9ca6e4fbc2129e3db588a34bc970ffe811a9"
  version = "v2.5.1"

[[projects]]
  digest = "1:39c2113f3a89585666e6f973650cff186b2d06deb4aa202c88addb87b0a201db"
  name = "gopkg.in/russross/blackfriday.v2"
  packages = ["."]
  pruneopts = "UT"
  revision = "cadec560ec52d93835bf2f15bd794700d3a2473b"
  version = "v2.0.0"

[[projects]]
  digest = "1:342378ac4dcb378a5448dd723f0784ae519383532f5e70ade24132c4c8693202"
  name = "gopkg.in/yaml.v2"
  packages = ["."]
  pruneopts = "UT"
  revision = "5420a8b6744d3b0345ab293f6fcba19c978f1183"
  version = "v2.2.1"

[solve-meta]
  analyzer-name = "dep"
  analyzer-version = 1
  input-imports = [
    "github.com/PuerkitoBio/goquery",
    "github.com/astaxie/beego",
    "github.com/astaxie/beego/cache",
    "github.com/astaxie/beego/cache/memcache",
    "github.com/astaxie/beego/cache/redis",
    "github.com/astaxie/beego/context",
    "github.com/astaxie/beego/logs",
    "github.com/astaxie/beego/orm",
    "github.com/astaxie/beego/session/memcache",
    "github.com/astaxie/beego/session/mysql",
    "github.com/astaxie/beego/session/redis",
    "github.com/boombuler/barcode",
    "github.com/boombuler/barcode/qr",
    "github.com/go-sql-driver/mysql",
    "github.com/kardianos/service",
    "github.com/lifei6671/gocaptcha",
    "github.com/mattn/go-sqlite3",
    "github.com/nfnt/resize",
    "github.com/qiniu/x/bytes.v7",
    "gopkg.in/ldap.v2",
    "gopkg.in/russross/blackfriday.v2",
  ]
  solver-name = "gps-cdcl"
  solver-version = 1
